
Microsoft Visual Studio Solution File, Format Version 12.00
# Visual Studio 15
VisualStudioVersion = 15.0.27004.2005
MinimumVisualStudioVersion = 10.0.40219.1
Project("{FAE04EC0-301F-11D3-BF4B-00C04F79EFBC}") = "TimerExample", "TimerExample\TimerExample.csproj", "{61C65045-A541-43FB-92F9-32766C15E381}"
EndProject
Global
	GlobalSection(SolutionConfigurationPlatforms) = preSolution
		Debug|Any CPU = Debug|Any CPU
		Release|Any CPU = Release|Any CPU
	EndGlobalSection
	GlobalSection(ProjectConfigurationPlatforms) = postSolution
		{61C65045-A541-43FB-92F9-32766C15E381}.Debug|Any CPU.ActiveCfg = Debug|Any CPU
		{61C65045-A541-43FB-92F9-32766C15E381}.Debug|Any CPU.Build.0 = Debug|Any CPU
		{61C65045-A541-43FB-92F9-32766C15E381}.Release|Any CPU.ActiveCfg = Release|Any CPU
		{61C65045-A541-43FB-92F9-32766C15E381}.Release|Any CPU.Build.0 = Release|Any CPU
	EndGlobalSection
	GlobalSection(SolutionProperties) = preSolution
		HideSolutionNode = FALSE
	EndGlobalSection
	GlobalSection(ExtensibilityGlobals) = postSolution
		SolutionGuid = {5B437718-A6FE-4BEE-ABFC-878FBBAD4C74}
	EndGlobalSection
EndGlobal
